github.com/TheTitanrain/w32 v0.0.0-20180517000239-4f5cfb03fabf h1:FPsprx82rdrX2jiKyS17BH6IrTmUBYqZa/CXT4uvb+I=
github.com/TheTitanrain/w32 v0.0.0-20180517000239-4f5cfb03fabf/go.mod h1:peYoMncQljjNS6tZwI9WVyQB3qZS6u79/N3mBOcnd3I=
github.com/ebitengine/gomobile v0.0.0-20250923094054-ea854a63cce1 h1:+kz5iTT3L7uU+VhlMfTb8hHcxLO3TlaELlX8wa4XjA0=
github.com/ebitengine/gomobile v0.0.0-20250923094054-ea854a63cce1/go.mod h1:lKJoeixeJwnFmYsBny4vvCJGVFc3aYDalhuDsfZzWHI=
github.com/ebitengine/hideconsole v1.0.0 h1:5J4U0kXF+pv/DhiXt5/lTz0eO5ogJ1iXb8Yj1yReDqE=
github.com/ebitengine/hideconsole v1.0.0/go.mod h1:hTTBTvVYWKBuxPr7peweneWdkUwEuHuB3C1R/ielR1A=
github.com/ebitengine/purego v0.9.0 h1:mh0zpKBIXDceC63hpvPuGLiJ8ZAa3DfrFTudmfi8A4k=
github.com/ebitengine/purego v0.9.0/go.mod h1:iIjxzd6CiRiOG0UyXP+V1+jWqUXVjPKLAI0mRfJZTmQ=
github.com/go-audio/audio v1.0.0 h1:zS9vebldgbQqktK4H0lUqWrG8P0NxCJVqcj7ZpNnwd4=
github.com/go-audio/audio v1.0.0/go.mod h1:6uAu0+H2lHkwdGsAY+j2wHPNPpPoeg5AaEFh9FlA+Zs=
github.com/go-audio/riff v1.0.0 h1:d8iCGbDvox9BfLagY94fBynxSPHO80LmZCaOsmKxokA=
github.com/go-audio/riff v1.0.0/go.mod h1:l3cQwc85y79NQFCRB7TiPoNiaijp6q8Z0Uv38rVG498=
github.com/go-audio/wav v1.1.0 h1:jQgLtbqBzY7G+BM8fXF7AHUk1uHUviWS4X39d5rsL2g=
github.com/go-audio/wav v1.1.0/go.mod h1:mpe9qfwbScEbkd8uybLuIpTgHyrISw/OTuvjUW2iGtE=
github.com/gorilla/websocket v1.5.3 h1:saDtZ6Pbx/0u+bgYQ3q96pZgCzfhKXGPqt7kZ72aNNg=
github.com/gorilla/websocket v1.5.3/go.mod h1:YR8l580nyteQvAITg2hZ9XVh4b55+EU/adAjf1fMHhE=
github.com/hajimehoshi/ebiten/v2 v2.9.0 h1:gQfcSC3gjY4h4yLXkUhXvMZ+fsVMfXfkkSnv7lerhck=
github.com/hajimehoshi/ebiten/v2 v2.9.0/go.mod h1:DAt4tnkYYpCvu3x9i1X/nK/vOruNXIlYq/tBXxnhrXM=
github.com/jezek/xgb v1.1.1 h1:bE/r8ZZtSv7l9gk6nU0mYx51aXrvnyb44892TwSaqS4=
github.com/jezek/xgb v1.1.1/go.mod h1:nrhwO0FX/enq75I7Y7G8iN1ubpSGZEiA3v9e9GyRFlk=
github.com/mesilliac/pulse-simple v0.0.0-20170506101341-75ac54e19fdf h1:Zkc2mThKEz8uIFMN5S9Vde4F075QqonswrYWngsjq0g=
github.com/mesilliac/pulse-simple v0.0.0-20170506101341-75ac54e19fdf/go.mod h1:w/UDU7AYzhUNZpb9TmWkrEFVu1+yA8jn++5871x9hWc=
github.com/sqweek/dialog v0.0.0-20260123140253-64c163d53aac h1:/QqP+ajFMma4hNWQyBDVaQQhz9Z1kDyXScNWMO3owx0=
github.com/sqweek/dialog v0.0.0-20260123140253-64c163d53aac/go.mod h1:/qNPSY91qTz/8TgHEMioAUc6q7+3SOybeKczHMXFcXw=
golang.org/x/image v0.31.0 h1:mLChjE2MV6g1S7oqbXC0/UcKijjm5fnJLUYKIYrLESA=
golang.org/x/image v0.31.0/go.mod h1:R9ec5Lcp96v9FTF+ajwaH3uGxPH4fKfHHAVbUILxghA=
golang.org/x/sync v0.17.0 h1:l60nONMj9l5drqw6jlhIELNv9I0A4OFgRsG9k2oT9Ug=
golang.org/x/sync v0.17.0/go.mod h1:9KTHXmSnoGruLpwFjVSX0lNNA75CykiMECbovNTZqGI=
golang.org/x/sys v0.36.0 h1:KVRy2GtZBrk1cBYA7MKu5bEZFxQk4NIDV6RLVcC8o0k=
golang.org/x/sys v0.36.0/go.mod h1:OgkHotnGiDImocRcuBABYBEXf8A9a87e/uXjp9XT3ks=
